
Microsoft Visual Studio Solution File, Format Version 12.00
# Visual Studio Version 16
VisualStudioVersion = 16.0.31005.135
MinimumVisualStudioVersion = 10.0.40219.1
Project("{FAE04EC0-301F-11D3-BF4B-00C04F79EFBC}") = "ShoppingApp", "ShoppingApp.csproj", "{87345DF5-27BA-4929-B313-23C64181D065}"
EndProject
Global
	GlobalSection(SolutionConfigurationPlatforms) = preSolution
		Debug|Any CPU = Debug|Any CPU
		Release|Any CPU = Release|Any CPU
	EndGlobalSection
	GlobalSection(ProjectConfigurationPlatforms) = postSolution
		{87345DF5-27BA-4929-B313-23C64181D065}.Debug|Any CPU.ActiveCfg = Debug|Any CPU
		{87345DF5-27BA-4929-B313-23C64181D065}.Debug|Any CPU.Build.0 = Debug|Any CPU
		{87345DF5-27BA-4929-B313-23C64181D065}.Release|Any CPU.ActiveCfg = Release|Any CPU
		{87345DF5-27BA-4929-B313-23C64181D065}.Release|Any CPU.Build.0 = Release|Any CPU
	EndGlobalSection
	GlobalSection(SolutionProperties) = preSolution
		HideSolutionNode = FALSE
	EndGlobalSection
	GlobalSection(ExtensibilityGlobals) = postSolution
		SolutionGuid = {DBBA6F1E-9B85-43AB-AC27-16D491CEA5AB}
	EndGlobalSection
EndGlobal
